PODS:
  - OpenIMSDKCoreSwift (3.9.0)

DEPENDENCIES:
  - OpenIMSDKCoreSwift (from `../`)

EXTERNAL SOURCES:
  OpenIMSDKCoreSwift:
    :path: "../"

SPEC CHECKSUMS:
  OpenIMSDKCoreSwift: 377f33b5ff0cd511526cea28bb2f5a36249914e0

PODFILE CHECKSUM: 9d1dd5f41f2b214d85995b9f4b119e51e6188de6

COCOAPODS: 1.16.2
